
Microsoft Visual Studio Solution File, Format Version 12.00
# Visual Studio 15
VisualStudioVersion = 15.0.27004.2006
MinimumVisualStudioVersion = 10.0.40219.1
Project("{FAE04EC0-301F-11D3-BF4B-00C04F79EFBC}") = "SchoolManagementSystem", "SchoolManagementSystem\SchoolManagementSystem.csproj", "{C9C02957-B9BA-4F0A-992E-14E28C995C6C}"
EndProject
Project("{FAE04EC0-301F-11D3-BF4B-00C04F79EFBC}") = "SMSUnitTest", "SMSUnitTest\SMSUnitTest.csproj", "{8639D702-9454-437F-B7A0-86ADE4F34FD5}"
EndProject
Global
	GlobalSection(SolutionConfigurationPlatforms) = preSolution
		Debug|Any CPU = Debug|Any CPU
		Release|Any CPU = Release|Any CPU
	EndGlobalSection
	GlobalSection(ProjectConfigurationPlatforms) = postSolution
		{C9C02957-B9BA-4F0A-992E-14E28C995C6C}.Debug|Any CPU.ActiveCfg = Debug|Any CPU
		{C9C02957-B9BA-4F0A-992E-14E28C995C6C}.Debug|Any CPU.Build.0 = Debug|Any CPU
		{C9C02957-B9BA-4F0A-992E-14E28C995C6C}.Release|Any CPU.ActiveCfg = Release|Any CPU
		{C9C02957-B9BA-4F0A-992E-14E28C995C6C}.Release|Any CPU.Build.0 = Release|Any CPU
		{8639D702-9454-437F-B7A0-86ADE4F34FD5}.Debug|Any CPU.ActiveCfg = Debug|Any CPU
		{8639D702-9454-437F-B7A0-86ADE4F34FD5}.Debug|Any CPU.Build.0 = Debug|Any CPU
		{8639D702-9454-437F-B7A0-86ADE4F34FD5}.Release|Any CPU.ActiveCfg = Release|Any CPU
		{8639D702-9454-437F-B7A0-86ADE4F34FD5}.Release|Any CPU.Build.0 = Release|Any CPU
	EndGlobalSection
	GlobalSection(SolutionProperties) = preSolution
		HideSolutionNode = FALSE
	EndGlobalSection
	GlobalSection(ExtensibilityGlobals) = postSolution
		SolutionGuid = {A4788DD0-92F3-4D65-9B2A-2E110F6BC19E}
	EndGlobalSection
EndGlobal
